<?xml version="1.0" encoding="utf-8"?>
<Project ToolsVersion="4.0" xmlns="http://schemas.microsoft.com/developer/msbuild/2003">
  <ItemGroup>
    <Filter Include="Source Files">
      <UniqueIdentifier>{4FC737F1-C7A5-4376-A066-2A32D752A2FF}</UniqueIdentifier>
      <Extensions>cpp;c;cc;cxx;def;odl;idl;hpj;bat;asm;asmx</Extensions>
    </Filter>
    <Filter Include="Header Files">
      <UniqueIdentifier>{93995380-89BD-4b04-88EB-625FBE52EBFB}</UniqueIdentifier>
      <Extensions>h;hh;hpp;hxx;hm;inl;inc;ipp;xsd</Extensions>
    </Filter>
    <Filter Include="Resource Files">
      <UniqueIdentifier>{67DA6AB6-F800-4c08-8B7A-83BB121AAD01}</UniqueIdentifier>
      <Extensions>rc;ico;cur;bmp;dlg;rc2;rct;bin;rgs;gif;jpg;jpeg;jpe;resx;tiff;tif;png;wav;mfcribbon-ms</Extensions>
    </Filter>
    <Filter Include="Coms">
      <UniqueIdentifier>{ba552f6b-9314-4470-88fb-2b3d936c4b81}</UniqueIdentifier>
    </Filter>
    <Filter Include="HipsObject">
      <UniqueIdentifier>{f28ab36f-0882-4162-be7c-c36f3411d86b}</UniqueIdentifier>
    </Filter>
    <Filter Include="Log">
      <UniqueIdentifier>{35eb0983-7f29-46ec-91d3-8ec6ca90b38b}</UniqueIdentifier>
    </Filter>
    <Filter Include="bson">
      <UniqueIdentifier>{adcefcc0-7e66-4dc7-ac5d-497f9c0a6f69}</UniqueIdentifier>
    </Filter>
    <Filter Include="g-re2">
      <UniqueIdentifier>{62225d23-4d57-4c2d-a919-07e895503bd7}</UniqueIdentifier>
    </Filter>
    <Filter Include="g-re2\re2">
      <UniqueIdentifier>{0a6c208d-025d-4f61-a737-57976eab53e7}</UniqueIdentifier>
    </Filter>
    <Filter Include="g-re2\util">
      <UniqueIdentifier>{f2edef9f-7978-4f87-9660-3d0ee4e3fce9}</UniqueIdentifier>
    </Filter>
    <Filter Include="PipeMessage">
      <UniqueIdentifier>{2d90e746-8e1e-4b44-8e2b-b97c977cb0b3}</UniqueIdentifier>
    </Filter>
    <Filter Include="PassManager">
      <UniqueIdentifier>{25e6388a-7d69-4593-b365-78278391638e}</UniqueIdentifier>
    </Filter>
    <Filter Include="ThirdPary">
      <UniqueIdentifier>{66b934fd-80fb-41a3-8086-04886625b807}</UniqueIdentifier>
    </Filter>
    <Filter Include="ThirdPary\PeInfo">
      <UniqueIdentifier>{e3fff677-063d-4f34-ab89-d517b30db3d1}</UniqueIdentifier>
    </Filter>
    <Filter Include="ThirdPary\Capstone">
      <UniqueIdentifier>{e75dd508-e4ec-4919-bd82-c53d45b8dea2}</UniqueIdentifier>
    </Filter>
    <Filter Include="Passes">
      <UniqueIdentifier>{d6bfab61-8896-4663-ad68-defbea39ec2a}</UniqueIdentifier>
    </Filter>
    <Filter Include="Passes\modinit">
      <UniqueIdentifier>{5f256d1b-89c9-4525-95f3-01bcaab8fc6d}</UniqueIdentifier>
    </Filter>
    <Filter Include="Passes\funcinit">
      <UniqueIdentifier>{82ddaecf-3346-41fe-876a-50e9b7fe8fa1}</UniqueIdentifier>
    </Filter>
    <Filter Include="Passes\bbinit">
      <UniqueIdentifier>{553434d5-d4b2-479d-bf1c-a14623e4044a}</UniqueIdentifier>
    </Filter>
    <Filter Include="Passes\insnfree">
      <UniqueIdentifier>{9eccd0ff-cfe7-475d-87e5-6d125798c25e}</UniqueIdentifier>
    </Filter>
    <Filter Include="Passes\bbcheck">
      <UniqueIdentifier>{3d9ea87e-2aca-4c18-9c07-bf169bb75159}</UniqueIdentifier>
    </Filter>
    <Filter Include="Passes\funccheck">
      <UniqueIdentifier>{c51aa527-9e2a-47ae-90dd-fffde0ef12c5}</UniqueIdentifier>
    </Filter>
    <Filter Include="Passes\modcheck">
      <UniqueIdentifier>{a4b8dd77-7268-4f9c-a885-c0fda26345ac}</UniqueIdentifier>
    </Filter>
    <Filter Include="Passes\loopinit">
      <UniqueIdentifier>{049e5d8f-0e48-46b2-bf71-5b34bcf52328}</UniqueIdentifier>
    </Filter>
  </ItemGroup>
  <ItemGroup>
    <ClCompile Include="HipsHookLib.cpp">
      <Filter>Source Files</Filter>
    </ClCompile>
    <ClCompile Include="commutils.cpp">
      <Filter>Source Files</Filter>
    </ClCompile>
    <ClCompile Include="hookimpl.cpp">
      <Filter>Source Files</Filter>
    </ClCompile>
    <ClCompile Include="stdafx.cpp">
      <Filter>Source Files</Filter>
    </ClCompile>
    <ClCompile Include="FlagsObject.cpp">
      <Filter>HipsObject</Filter>
    </ClCompile>
    <ClCompile Include="HipsCfgObject.cpp">
      <Filter>HipsObject</Filter>
    </ClCompile>
    <ClCompile Include="HookImplementObject.cpp">
      <Filter>HipsObject</Filter>
    </ClCompile>
    <ClCompile Include="MetadataTypeImpl.cpp">
      <Filter>HipsObject</Filter>
    </ClCompile>
    <ClCompile Include="SigsObject.cpp">
      <Filter>HipsObject</Filter>
    </ClCompile>
    <ClCompile Include="ParsingImpl.cpp">
      <Filter>HipsObject</Filter>
    </ClCompile>
    <ClCompile Include="ComsObject.cpp">
      <Filter>HipsObject</Filter>
    </ClCompile>
    <ClCompile Include="LogObject.cpp">
      <Filter>Log</Filter>
    </ClCompile>
    <ClCompile Include="utils.cpp">
      <Filter>Coms</Filter>
    </ClCompile>
    <ClCompile Include="ExceptionThrow.cpp">
      <Filter>HipsObject</Filter>
    </ClCompile>
    <ClCompile Include="bson\bson.c">
      <Filter>bson</Filter>
    </ClCompile>
    <ClCompile Include="bson\encoding.c">
      <Filter>bson</Filter>
    </ClCompile>
    <ClCompile Include="bson\numbers.c">
      <Filter>bson</Filter>
    </ClCompile>
    <ClCompile Include="R3LogObject.cpp">
      <Filter>Log</Filter>
    </ClCompile>
    <ClCompile Include="Win32WbemClassObject.cpp">
      <Filter>Coms</Filter>
    </ClCompile>
    <ClCompile Include="drivermgr.cpp">
      <Filter>Source Files</Filter>
    </ClCompile>
    <ClCompile Include="g-re2\re2\bitstate.cc">
      <Filter>g-re2\re2</Filter>
    </ClCompile>
    <ClCompile Include="g-re2\re2\compile.cc">
      <Filter>g-re2\re2</Filter>
    </ClCompile>
    <ClCompile Include="g-re2\re2\dfa.cc">
      <Filter>g-re2\re2</Filter>
    </ClCompile>
    <ClCompile Include="g-re2\re2\filtered_re2.cc">
      <Filter>g-re2\re2</Filter>
    </ClCompile>
    <ClCompile Include="g-re2\re2\mimics_pcre.cc">
      <Filter>g-re2\re2</Filter>
    </ClCompile>
    <ClCompile Include="g-re2\re2\nfa.cc">
      <Filter>g-re2\re2</Filter>
    </ClCompile>
    <ClCompile Include="g-re2\re2\onepass.cc">
      <Filter>g-re2\re2</Filter>
    </ClCompile>
    <ClCompile Include="g-re2\re2\parse.cc">
      <Filter>g-re2\re2</Filter>
    </ClCompile>
    <ClCompile Include="g-re2\re2\perl_groups.cc">
      <Filter>g-re2\re2</Filter>
    </ClCompile>
    <ClCompile Include="g-re2\re2\prefilter.cc">
      <Filter>g-re2\re2</Filter>
    </ClCompile>
    <ClCompile Include="g-re2\re2\prefilter_tree.cc">
      <Filter>g-re2\re2</Filter>
    </ClCompile>
    <ClCompile Include="g-re2\re2\prog.cc">
      <Filter>g-re2\re2</Filter>
    </ClCompile>
    <ClCompile Include="g-re2\re2\re2.cc">
      <Filter>g-re2\re2</Filter>
    </ClCompile>
    <ClCompile Include="g-re2\re2\regexp.cc">
      <Filter>g-re2\re2</Filter>
    </ClCompile>
    <ClCompile Include="g-re2\re2\set.cc">
      <Filter>g-re2\re2</Filter>
    </ClCompile>
    <ClCompile Include="g-re2\re2\simplify.cc">
      <Filter>g-re2\re2</Filter>
    </ClCompile>
    <ClCompile Include="g-re2\re2\stringpiece.cc">
      <Filter>g-re2\re2</Filter>
    </ClCompile>
    <ClCompile Include="g-re2\re2\tostring.cc">
      <Filter>g-re2\re2</Filter>
    </ClCompile>
    <ClCompile Include="g-re2\re2\unicode_casefold.cc">
      <Filter>g-re2\re2</Filter>
    </ClCompile>
    <ClCompile Include="g-re2\re2\unicode_groups.cc">
      <Filter>g-re2\re2</Filter>
    </ClCompile>
    <ClCompile Include="g-re2\util\pcre.cc">
      <Filter>g-re2\util</Filter>
    </ClCompile>
    <ClCompile Include="g-re2\util\rune.cc">
      <Filter>g-re2\util</Filter>
    </ClCompile>
    <ClCompile Include="g-re2\util\strutil.cc">
      <Filter>g-re2\util</Filter>
    </ClCompile>
    <ClCompile Include="Win32EnumWbemClassObject.cpp">
      <Filter>Coms</Filter>
    </ClCompile>
    <ClCompile Include="PassManager.cpp">
      <Filter>PassManager</Filter>
    </ClCompile>
    <ClCompile Include="UniversalObject.cpp">
      <Filter>HipsObject</Filter>
    </ClCompile>
    <ClCompile Include="exploitimpl.cpp">
      <Filter>Source Files</Filter>
    </ClCompile>
    <ClCompile Include="ThirdParty\pelib\src\BoundImportDirectory.cpp">
      <Filter>ThirdPary\PeInfo</Filter>
    </ClCompile>
    <ClCompile Include="ThirdParty\pelib\src\CoffSymbolTable.cpp">
      <Filter>ThirdPary\PeInfo</Filter>
    </ClCompile>
    <ClCompile Include="ThirdParty\pelib\src\ComHeaderDirectory.cpp">
      <Filter>ThirdPary\PeInfo</Filter>
    </ClCompile>
    <ClCompile Include="ThirdParty\pelib\src\DebugDirectory.cpp">
      <Filter>ThirdPary\PeInfo</Filter>
    </ClCompile>
    <ClCompile Include="ThirdParty\pelib\src\ExportDirectory.cpp">
      <Filter>ThirdPary\PeInfo</Filter>
    </ClCompile>
    <ClCompile Include="ThirdParty\pelib\src\IatDirectory.cpp">
      <Filter>ThirdPary\PeInfo</Filter>
    </ClCompile>
    <ClCompile Include="ThirdParty\pelib\src\InputBuffer.cpp">
      <Filter>ThirdPary\PeInfo</Filter>
    </ClCompile>
    <ClCompile Include="ThirdParty\pelib\src\MzHeader.cpp">
      <Filter>ThirdPary\PeInfo</Filter>
    </ClCompile>
    <ClCompile Include="ThirdParty\pelib\src\OutputBuffer.cpp">
      <Filter>ThirdPary\PeInfo</Filter>
    </ClCompile>
    <ClCompile Include="ThirdParty\pelib\src\PeFile.cpp">
      <Filter>ThirdPary\PeInfo</Filter>
    </ClCompile>
    <ClCompile Include="ThirdParty\pelib\src\PeHeader.cpp">
      <Filter>ThirdPary\PeInfo</Filter>
    </ClCompile>
    <ClCompile Include="ThirdParty\pelib\src\PeLibAux.cpp">
      <Filter>ThirdPary\PeInfo</Filter>
    </ClCompile>
    <ClCompile Include="ThirdParty\pelib\src\RelocationsDirectory.cpp">
      <Filter>ThirdPary\PeInfo</Filter>
    </ClCompile>
    <ClCompile Include="ThirdParty\pelib\src\ResourceDirectory.cpp">
      <Filter>ThirdPary\PeInfo</Filter>
    </ClCompile>
    <ClCompile Include="ThirdParty\pelib\src\RichHeader.cpp">
      <Filter>ThirdPary\PeInfo</Filter>
    </ClCompile>
    <ClCompile Include="ThirdParty\pelib\src\SecurityDirectory.cpp">
      <Filter>ThirdPary\PeInfo</Filter>
    </ClCompile>
    <ClCompile Include="PeInfo.cpp">
      <Filter>ThirdPary\PeInfo</Filter>
    </ClCompile>
    <ClCompile Include="PassStructure.cpp">
      <Filter>PassManager</Filter>
    </ClCompile>
    <ClCompile Include="ThirdParty\pelib\src\PeFormat.cpp">
      <Filter>ThirdPary\PeInfo</Filter>
    </ClCompile>
    <ClCompile Include="ThirdParty\pelib\src\ImportTable.cpp">
      <Filter>ThirdPary\PeInfo</Filter>
    </ClCompile>
    <ClCompile Include="ThirdParty\pelib\src\SharedFunc.cpp">
      <Filter>ThirdPary\PeInfo</Filter>
    </ClCompile>
    <ClCompile Include="ThirdParty\pelib\src\ExportTable.cpp">
      <Filter>ThirdPary\PeInfo</Filter>
    </ClCompile>
    <ClCompile Include="ThirdParty\pelib\src\ResourceTable.cpp">
      <Filter>ThirdPary\PeInfo</Filter>
    </ClCompile>
    <ClCompile Include="ThirdParty\pelib\src\SectionTable.cpp">
      <Filter>ThirdPary\PeInfo</Filter>
    </ClCompile>
    <ClCompile Include="ThirdParty\pelib\src\TlsInfo.cpp">
      <Filter>ThirdPary\PeInfo</Filter>
    </ClCompile>
    <ClCompile Include="Abi.cpp">
      <Filter>PassManager</Filter>
    </ClCompile>
    <ClCompile Include="Abix86.cpp">
      <Filter>PassManager</Filter>
    </ClCompile>
    <ClCompile Include="Abix64.cpp">
      <Filter>PassManager</Filter>
    </ClCompile>
    <ClCompile Include="NativeObject.cpp">
      <Filter>HipsObject</Filter>
    </ClCompile>
    <ClCompile Include="Debugger.cpp">
      <Filter>PassManager</Filter>
    </ClCompile>
    <ClCompile Include="PassSupport.cpp">
      <Filter>PassManager</Filter>
    </ClCompile>
    <ClCompile Include="PassSupportData.cpp">
      <Filter>PassManager</Filter>
    </ClCompile>
    <ClCompile Include="Passes\funcinit\funcinit.cpp">
      <Filter>Passes\funcinit</Filter>
    </ClCompile>
    <ClCompile Include="Passes\modinit\modinit.cpp">
      <Filter>Passes\modinit</Filter>
    </ClCompile>
    <ClCompile Include="Passes\bbinit\bbinit.cpp">
      <Filter>Passes\bbinit</Filter>
    </ClCompile>
    <ClCompile Include="Passes\insnfree\insnfree.cpp">
      <Filter>Passes\insnfree</Filter>
    </ClCompile>
    <ClCompile Include="Passes\bbcheck\bbcheck.cpp">
      <Filter>Passes\bbcheck</Filter>
    </ClCompile>
    <ClCompile Include="Passes\funccheck\funccheck.cpp">
      <Filter>Passes\funccheck</Filter>
    </ClCompile>
    <ClCompile Include="Passes\modcheck\modcheck.cpp">
      <Filter>Passes\modcheck</Filter>
    </ClCompile>
    <ClCompile Include="Passes\loopinit\loopinit.cpp">
      <Filter>Passes\loopinit</Filter>
    </ClCompile>
    <ClCompile Include="vbaimpl.cpp">
      <Filter>Source Files</Filter>
    </ClCompile>
  </ItemGroup>
  <ItemGroup>
    <ClInclude Include="FlagsObject.h">
      <Filter>HipsObject</Filter>
    </ClInclude>
    <ClInclude Include="HipsCfgObject.h">
      <Filter>HipsObject</Filter>
    </ClInclude>
    <ClInclude Include="HookImplementObject.h">
      <Filter>HipsObject</Filter>
    </ClInclude>
    <ClInclude Include="MetadataTypeImpl.h">
      <Filter>HipsObject</Filter>
    </ClInclude>
    <ClInclude Include="SafePtr.h">
      <Filter>HipsObject</Filter>
    </ClInclude>
    <ClInclude Include="SigsObject.h">
      <Filter>HipsObject</Filter>
    </ClInclude>
    <ClInclude Include="ParsingImpl.h">
      <Filter>HipsObject</Filter>
    </ClInclude>
    <ClInclude Include="ComsObject.h">
      <Filter>HipsObject</Filter>
    </ClInclude>
    <ClInclude Include="commutils.h">
      <Filter>Header Files</Filter>
    </ClInclude>
    <ClInclude Include="LogObject.h">
      <Filter>Log</Filter>
    </ClInclude>
    <ClInclude Include="resource.h">
      <Filter>Header Files</Filter>
    </ClInclude>
    <ClInclude Include="stdafx.h">
      <Filter>Header Files</Filter>
    </ClInclude>
    <ClInclude Include="targetver.h">
      <Filter>Header Files</Filter>
    </ClInclude>
    <ClInclude Include="hookimpl.h">
      <Filter>Header Files</Filter>
    </ClInclude>
    <ClInclude Include="memleak.h">
      <Filter>Header Files</Filter>
    </ClInclude>
    <ClInclude Include="CBaseType.h">
      <Filter>HipsObject</Filter>
    </ClInclude>
    <ClInclude Include="asmfunction.h">
      <Filter>HipsObject</Filter>
    </ClInclude>
    <ClInclude Include="utils.h">
      <Filter>Coms</Filter>
    </ClInclude>
    <ClInclude Include="SpecialLog.h">
      <Filter>Log</Filter>
    </ClInclude>
    <ClInclude Include="deffeature.h">
      <Filter>Log</Filter>
    </ClInclude>
    <ClInclude Include="ExceptionThrow.h">
      <Filter>HipsObject</Filter>
    </ClInclude>
    <ClInclude Include="bson\bson.h">
      <Filter>bson</Filter>
    </ClInclude>
    <ClInclude Include="bson\encoding.h">
      <Filter>bson</Filter>
    </ClInclude>
    <ClInclude Include="R3LogObject.h">
      <Filter>Log</Filter>
    </ClInclude>
    <ClInclude Include="Win32WbemClassObject.h">
      <Filter>Coms</Filter>
    </ClInclude>
    <ClInclude Include="drivermgr.h">
      <Filter>Header Files</Filter>
    </ClInclude>
    <ClInclude Include="crc.h">
      <Filter>Log</Filter>
    </ClInclude>
    <ClInclude Include="PackageWrapper.h">
      <Filter>Log</Filter>
    </ClInclude>
    <ClInclude Include="g-re2\re2\bitmap256.h">
      <Filter>g-re2\re2</Filter>
    </ClInclude>
    <ClInclude Include="g-re2\re2\filtered_re2.h">
      <Filter>g-re2\re2</Filter>
    </ClInclude>
    <ClInclude Include="g-re2\re2\pod_array.h">
      <Filter>g-re2\re2</Filter>
    </ClInclude>
    <ClInclude Include="g-re2\re2\prefilter.h">
      <Filter>g-re2\re2</Filter>
    </ClInclude>
    <ClInclude Include="g-re2\re2\prefilter_tree.h">
      <Filter>g-re2\re2</Filter>
    </ClInclude>
    <ClInclude Include="g-re2\re2\prog.h">
      <Filter>g-re2\re2</Filter>
    </ClInclude>
    <ClInclude Include="g-re2\re2\re2.h">
      <Filter>g-re2\re2</Filter>
    </ClInclude>
    <ClInclude Include="g-re2\re2\regexp.h">
      <Filter>g-re2\re2</Filter>
    </ClInclude>
    <ClInclude Include="g-re2\re2\set.h">
      <Filter>g-re2\re2</Filter>
    </ClInclude>
    <ClInclude Include="g-re2\re2\sparse_array.h">
      <Filter>g-re2\re2</Filter>
    </ClInclude>
    <ClInclude Include="g-re2\re2\sparse_set.h">
      <Filter>g-re2\re2</Filter>
    </ClInclude>
    <ClInclude Include="g-re2\re2\stringpiece.h">
      <Filter>g-re2\re2</Filter>
    </ClInclude>
    <ClInclude Include="g-re2\re2\unicode_casefold.h">
      <Filter>g-re2\re2</Filter>
    </ClInclude>
    <ClInclude Include="g-re2\re2\unicode_groups.h">
      <Filter>g-re2\re2</Filter>
    </ClInclude>
    <ClInclude Include="g-re2\re2\walker-inl.h">
      <Filter>g-re2\re2</Filter>
    </ClInclude>
    <ClInclude Include="g-re2\util\flags.h">
      <Filter>g-re2\util</Filter>
    </ClInclude>
    <ClInclude Include="g-re2\util\logging.h">
      <Filter>g-re2\util</Filter>
    </ClInclude>
    <ClInclude Include="g-re2\util\malloc_counter.h">
      <Filter>g-re2\util</Filter>
    </ClInclude>
    <ClInclude Include="g-re2\util\mix.h">
      <Filter>g-re2\util</Filter>
    </ClInclude>
    <ClInclude Include="g-re2\util\mutex.h">
      <Filter>g-re2\util</Filter>
    </ClInclude>
    <ClInclude Include="g-re2\util\pcre.h">
      <Filter>g-re2\util</Filter>
    </ClInclude>
    <ClInclude Include="g-re2\util\strutil.h">
      <Filter>g-re2\util</Filter>
    </ClInclude>
    <ClInclude Include="g-re2\util\utf.h">
      <Filter>g-re2\util</Filter>
    </ClInclude>
    <ClInclude Include="g-re2\util\util.h">
      <Filter>g-re2\util</Filter>
    </ClInclude>
    <ClInclude Include="ntapi.h">
      <Filter>Header Files</Filter>
    </ClInclude>
    <ClInclude Include="Win32EnumWbemClassObject.h">
      <Filter>Coms</Filter>
    </ClInclude>
    <ClInclude Include="pipemessage\PipeClient.h">
      <Filter>PipeMessage</Filter>
    </ClInclude>
    <ClInclude Include="pipemessage\PipeJSONClient.h">
      <Filter>PipeMessage</Filter>
    </ClInclude>
    <ClInclude Include="pipemessage\PipeMessager.h">
      <Filter>PipeMessage</Filter>
    </ClInclude>
    <ClInclude Include="PassManager.h">
      <Filter>PassManager</Filter>
    </ClInclude>
    <ClInclude Include="PassStructure.h">
      <Filter>PassManager</Filter>
    </ClInclude>
    <ClInclude Include="UniversalObject.h">
      <Filter>HipsObject</Filter>
    </ClInclude>
    <ClInclude Include="exploitmpl.h">
      <Filter>Header Files</Filter>
    </ClInclude>
    <ClInclude Include="ThirdParty\pelib\include\BoundImportDirectory.h">
      <Filter>ThirdPary\PeInfo</Filter>
    </ClInclude>
    <ClInclude Include="ThirdParty\pelib\include\CoffSymbolTable.h">
      <Filter>ThirdPary\PeInfo</Filter>
    </ClInclude>
    <ClInclude Include="ThirdParty\pelib\include\ComHeaderDirectory.h">
      <Filter>ThirdPary\PeInfo</Filter>
    </ClInclude>
    <ClInclude Include="ThirdParty\pelib\include\DebugDirectory.h">
      <Filter>ThirdPary\PeInfo</Filter>
    </ClInclude>
    <ClInclude Include="ThirdParty\pelib\include\DelayImportDirectory.h">
      <Filter>ThirdPary\PeInfo</Filter>
    </ClInclude>
    <ClInclude Include="ThirdParty\pelib\include\ExportDirectory.h">
      <Filter>ThirdPary\PeInfo</Filter>
    </ClInclude>
    <ClInclude Include="ThirdParty\pelib\include\IatDirectory.h">
      <Filter>ThirdPary\PeInfo</Filter>
    </ClInclude>
    <ClInclude Include="ThirdParty\pelib\include\ImportDirectory.h">
      <Filter>ThirdPary\PeInfo</Filter>
    </ClInclude>
    <ClInclude Include="ThirdParty\pelib\include\InputBuffer.h">
      <Filter>ThirdPary\PeInfo</Filter>
    </ClInclude>
    <ClInclude Include="ThirdParty\pelib\include\MzHeader.h">
      <Filter>ThirdPary\PeInfo</Filter>
    </ClInclude>
    <ClInclude Include="ThirdParty\pelib\include\OutputBuffer.h">
      <Filter>ThirdPary\PeInfo</Filter>
    </ClInclude>
    <ClInclude Include="ThirdParty\pelib\include\PeFile.h">
      <Filter>ThirdPary\PeInfo</Filter>
    </ClInclude>
    <ClInclude Include="ThirdParty\pelib\include\PeHeader.h">
      <Filter>ThirdPary\PeInfo</Filter>
    </ClInclude>
    <ClInclude Include="ThirdParty\pelib\include\PeLib.h">
      <Filter>ThirdPary\PeInfo</Filter>
    </ClInclude>
    <ClInclude Include="ThirdParty\pelib\include\PeLibAux.h">
      <Filter>ThirdPary\PeInfo</Filter>
    </ClInclude>
    <ClInclude Include="ThirdParty\pelib\include\PeLibInc.h">
      <Filter>ThirdPary\PeInfo</Filter>
    </ClInclude>
    <ClInclude Include="ThirdParty\pelib\include\RelocationsDirectory.h">
      <Filter>ThirdPary\PeInfo</Filter>
    </ClInclude>
    <ClInclude Include="ThirdParty\pelib\include\ResourceDirectory.h">
      <Filter>ThirdPary\PeInfo</Filter>
    </ClInclude>
    <ClInclude Include="ThirdParty\pelib\include\RichHeader.h">
      <Filter>ThirdPary\PeInfo</Filter>
    </ClInclude>
    <ClInclude Include="ThirdParty\pelib\include\SecurityDirectory.h">
      <Filter>ThirdPary\PeInfo</Filter>
    </ClInclude>
    <ClInclude Include="ThirdParty\pelib\include\TlsDirectory.h">
      <Filter>ThirdPary\PeInfo</Filter>
    </ClInclude>
    <ClInclude Include="PeInfo.h">
      <Filter>ThirdPary\PeInfo</Filter>
    </ClInclude>
    <ClInclude Include="CapstoneImpl.h">
      <Filter>ThirdPary\Capstone</Filter>
    </ClInclude>
    <ClInclude Include="capstone\include\arm.h">
      <Filter>ThirdPary\Capstone</Filter>
    </ClInclude>
    <ClInclude Include="capstone\include\arm64.h">
      <Filter>ThirdPary\Capstone</Filter>
    </ClInclude>
    <ClInclude Include="capstone\include\capstone.h">
      <Filter>ThirdPary\Capstone</Filter>
    </ClInclude>
    <ClInclude Include="capstone\include\evm.h">
      <Filter>ThirdPary\Capstone</Filter>
    </ClInclude>
    <ClInclude Include="capstone\include\m68k.h">
      <Filter>ThirdPary\Capstone</Filter>
    </ClInclude>
    <ClInclude Include="capstone\include\m680x.h">
      <Filter>ThirdPary\Capstone</Filter>
    </ClInclude>
    <ClInclude Include="capstone\include\mips.h">
      <Filter>ThirdPary\Capstone</Filter>
    </ClInclude>
    <ClInclude Include="capstone\include\mos65xx.h">
      <Filter>ThirdPary\Capstone</Filter>
    </ClInclude>
    <ClInclude Include="capstone\include\platform.h">
      <Filter>ThirdPary\Capstone</Filter>
    </ClInclude>
    <ClInclude Include="capstone\include\ppc.h">
      <Filter>ThirdPary\Capstone</Filter>
    </ClInclude>
    <ClInclude Include="capstone\include\sparc.h">
      <Filter>ThirdPary\Capstone</Filter>
    </ClInclude>
    <ClInclude Include="capstone\include\systemz.h">
      <Filter>ThirdPary\Capstone</Filter>
    </ClInclude>
    <ClInclude Include="capstone\include\tms320c64x.h">
      <Filter>ThirdPary\Capstone</Filter>
    </ClInclude>
    <ClInclude Include="capstone\include\x86.h">
      <Filter>ThirdPary\Capstone</Filter>
    </ClInclude>
    <ClInclude Include="capstone\include\xcore.h">
      <Filter>ThirdPary\Capstone</Filter>
    </ClInclude>
    <ClInclude Include="ThirdParty\pelib\include\DynamicBuffer.h">
      <Filter>ThirdPary\PeInfo</Filter>
    </ClInclude>
    <ClInclude Include="ThirdParty\pelib\include\ImportTable.h">
      <Filter>ThirdPary\PeInfo</Filter>
    </ClInclude>
    <ClInclude Include="ThirdParty\pelib\include\SharedFunc.h">
      <Filter>ThirdPary\PeInfo</Filter>
    </ClInclude>
    <ClInclude Include="ThirdParty\pelib\include\ExportTable.h">
      <Filter>ThirdPary\PeInfo</Filter>
    </ClInclude>
    <ClInclude Include="ThirdParty\pelib\include\ResourceTable.h">
      <Filter>ThirdPary\PeInfo</Filter>
    </ClInclude>
    <ClInclude Include="ThirdParty\pelib\include\SectionTable.h">
      <Filter>ThirdPary\PeInfo</Filter>
    </ClInclude>
    <ClInclude Include="ThirdParty\pelib\include\TlsInfo.h">
      <Filter>ThirdPary\PeInfo</Filter>
    </ClInclude>
    <ClInclude Include="Abi.h">
      <Filter>PassManager</Filter>
    </ClInclude>
    <ClInclude Include="Abix86.h">
      <Filter>PassManager</Filter>
    </ClInclude>
    <ClInclude Include="Abix64.h">
      <Filter>PassManager</Filter>
    </ClInclude>
    <ClInclude Include="JumpTargets.h">
      <Filter>PassManager</Filter>
    </ClInclude>
    <ClInclude Include="NativeObject.h">
      <Filter>HipsObject</Filter>
    </ClInclude>
    <ClInclude Include="ThirdParty\pelib\include\PeFormat.h">
      <Filter>ThirdPary\PeInfo</Filter>
    </ClInclude>
    <ClInclude Include="Debugger.h">
      <Filter>PassManager</Filter>
    </ClInclude>
    <ClInclude Include="PassSupport.h">
      <Filter>PassManager</Filter>
    </ClInclude>
    <ClInclude Include="Passes.h">
      <Filter>PassManager</Filter>
    </ClInclude>
    <ClInclude Include="Passes\funcinit\funcinit.h">
      <Filter>Passes\funcinit</Filter>
    </ClInclude>
    <ClInclude Include="Passes\modinit\modinit.h">
      <Filter>Passes\modinit</Filter>
    </ClInclude>
    <ClInclude Include="Passes\bbinit\bbinit.h">
      <Filter>Passes\bbinit</Filter>
    </ClInclude>
    <ClInclude Include="Passes\insnfree\insnfree.h">
      <Filter>Passes\insnfree</Filter>
    </ClInclude>
    <ClInclude Include="Passes\bbcheck\bbcheck.h">
      <Filter>Passes\bbcheck</Filter>
    </ClInclude>
    <ClInclude Include="Passes\funccheck\funccheck.h">
      <Filter>Passes\funccheck</Filter>
    </ClInclude>
    <ClInclude Include="Passes\modcheck\modcheck.h">
      <Filter>Passes\modcheck</Filter>
    </ClInclude>
    <ClInclude Include="Passes\loopinit\loopinit.h">
      <Filter>Passes\loopinit</Filter>
    </ClInclude>
    <ClInclude Include="vbaimpl.h">
      <Filter>Header Files</Filter>
    </ClInclude>
  </ItemGroup>
  <ItemGroup>
    <CustomBuild Include="asmfunction.asm">
      <Filter>Source Files</Filter>
    </CustomBuild>
  </ItemGroup>
  <ItemGroup>
    <None Include="bson\LICENSE">
      <Filter>bson</Filter>
    </None>
    <None Include="g-re2\re2\make_perl_groups.pl">
      <Filter>g-re2\re2</Filter>
    </None>
    <None Include="g-re2\re2\make_unicode_casefold.py">
      <Filter>g-re2\re2</Filter>
    </None>
    <None Include="g-re2\re2\make_unicode_groups.py">
      <Filter>g-re2\re2</Filter>
    </None>
    <None Include="g-re2\re2\unicode.py">
      <Filter>g-re2\re2</Filter>
    </None>
  </ItemGroup>
</Project>